PODS:
  - LiveAssist-xc (1.4.2)

DEPENDENCIES:
  - LiveAssist-xc (= 1.4.2)

SPEC REPOS:
  https://github.com/mbealewales/LARepo.git:
    - LiveAssist-xc

SPEC CHECKSUMS:
  LiveAssist-xc: 743f7c38989cc800b4fe052224f0022dc7ff9271

PODFILE CHECKSUM: 251d9d2ddbc88d40e8eb2787f58a373216d51591

COCOAPODS: 1.13.0
